// !$*UTF8*$!
{
	archiveVersion = 1;
	classes = {
	};
	objectVersion = 50;
	objects = {

/* Begin PBXBuildFile section */
		A40CE0D95E9116D290505DBC /* Pods_NewsOfChina.framework in Frameworks */ = {isa = PBXBuildFile; fileRef = B784FC240334687517C3383B /* Pods_NewsOfChina.framework */; };
		D896683120E36E2900D39AAD /* PTLHomePageCellLayout.swift in Sources */ = {isa = PBXBuildFile; fileRef = D896683020E36E2900D39AAD /* PTLHomePageCellLayout.swift */; };
		D896683520E37D8000D39AAD /* NSString+Size.m in Sources */ = {isa = PBXBuildFile; fileRef = D896683320E37D7F00D39AAD /* NSString+Size.m */; };
		EB15BACB20DE62200048F908 /* AppDelegate.swift in Sources */ = {isa = PBXBuildFile; fileRef = EB15BACA20DE62200048F908 /* AppDelegate.swift */; };
		EB15BAD220DE62220048F908 /* Assets.xcassets in Resources */ = {isa = PBXBuildFile; fileRef = EB15BAD120DE62220048F908 /* Assets.xcassets */; };
		EB15BAD520DE62220048F908 /* LaunchScreen.storyboard in Resources */ = {isa = PBXBuildFile; fileRef = EB15BAD320DE62220048F908 /* LaunchScreen.storyboard */; };
		EB15BAE020DE62220048F908 /* NewsOfChinaTests.swift in Sources */ = {isa = PBXBuildFile; fileRef = EB15BADF20DE62220048F908 /* NewsOfChinaTests.swift */; };
		EB15BAEB20DE62220048F908 /* NewsOfChinaUITests.swift in Sources */ = {isa = PBXBuildFile; fileRef = EB15BAEA20DE62220048F908 /* NewsOfChinaUITests.swift */; };
		EB15BB0B20DE8C220048F908 /* PTLRootViewController.swift in Sources */ = {isa = PBXBuildFile; fileRef = EB15BB0A20DE8C220048F908 /* PTLRootViewController.swift */; };
		EB15BB0E20DE8D050048F908 /* PTLHomePageController.swift in Sources */ = {isa = PBXBuildFile; fileRef = EB15BB0C20DE8D050048F908 /* PTLHomePageController.swift */; };
		EB15BB0F20DE8D050048F908 /* PTLHomePageController.xib in Resources */ = {isa = PBXBuildFile; fileRef = EB15BB0D20DE8D050048F908 /* PTLHomePageController.xib */; };
		EB15BB1220DE8D2F0048F908 /* PTLMeViewController.swift in Sources */ = {isa = PBXBuildFile; fileRef = EB15BB1020DE8D2F0048F908 /* PTLMeViewController.swift */; };
		EB15BB1320DE8D2F0048F908 /* PTLMeViewController.xib in Resources */ = {isa = PBXBuildFile; fileRef = EB15BB1120DE8D2F0048F908 /* PTLMeViewController.xib */; };
		EB15BB1520DE8D6B0048F908 /* PTLNavigationController.swift in Sources */ = {isa = PBXBuildFile; fileRef = EB15BB1420DE8D6B0048F908 /* PTLNavigationController.swift */; };
		EBC85A6320DF458B00834B29 /* PTLNetworkTools.swift in Sources */ = {isa = PBXBuildFile; fileRef = EBC85A6220DF458B00834B29 /* PTLNetworkTools.swift */; };
		EBC85A6520DF45D400834B29 /* Tools.swift in Sources */ = {isa = PBXBuildFile; fileRef = EBC85A6420DF45D400834B29 /* Tools.swift */; };
		EBC85A6720DF587C00834B29 /* PTLHomePageModel.swift in Sources */ = {isa = PBXBuildFile; fileRef = EBC85A6620DF587C00834B29 /* PTLHomePageModel.swift */; };
		EBC85A6F20DF9A4F00834B29 /* PTLHomePageCell.swift in Sources */ = {isa = PBXBuildFile; fileRef = EBC85A6D20DF9A4F00834B29 /* PTLHomePageCell.swift */; };
/* End PBXBuildFile section */

/* Begin PBXContainerItemProxy section */
		EB15BADC20DE62220048F908 /* PBXContainerItemProxy */ = {
			isa = PBXContainerItemProxy;
			containerPortal = EB15BABF20DE62200048F908 /* Project object */;
			proxyType = 1;
			remoteGlobalIDString = EB15BAC620DE62200048F908;
			remoteInfo = NewsOfChina;
		};
		EB15BAE720DE62220048F908 /* PBXContainerItemProxy */ = {
			isa = PBXContainerItemProxy;
			containerPortal = EB15BABF20DE62200048F908 /* Project object */;
			proxyType = 1;
			remoteGlobalIDString = EB15BAC620DE62200048F908;
			remoteInfo = NewsOfChina;
		};
/* End PBXContainerItemProxy section */

/* Begin PBXFileReference section */
		1220A1ADED3B786F42BCEB78 /* Pods-NewsOfChina.release.xcconfig */ = {isa = PBXFileReference; includeInIndex = 1; lastKnownFileType = text.xcconfig; name = "Pods-NewsOfChina.release.xcconfig"; path = "Pods/Target Support Files/Pods-NewsOfChina/Pods-NewsOfChina.release.xcconfig"; sourceTree = "<group>"; };
		B784FC240334687517C3383B /* Pods_NewsOfChina.framework */ = {isa = PBXFileReference; explicitFileType = wrapper.framework; includeInIndex = 0; path = Pods_NewsOfChina.framework; sourceTree = BUILT_PRODUCTS_DIR; };
		D896683020E36E2900D39AAD /* PTLHomePageCellLayout.swift */ = {isa = PBXFileReference; lastKnownFileType = sourcecode.swift; path = PTLHomePageCellLayout.swift; sourceTree = "<group>"; };
		D896683220E37D7E00D39AAD /* NewsOfChina-Bridging-Header.h */ = {isa = PBXFileReference; lastKnownFileType = sourcecode.c.h; path = "NewsOfChina-Bridging-Header.h"; sourceTree = "<group>"; };
		D896683320E37D7F00D39AAD /* NSString+Size.m */ = {isa = PBXFileReference; fileEncoding = 4; lastKnownFileType = sourcecode.c.objc; path = "NSString+Size.m"; sourceTree = "<group>"; };
		D896683420E37D7F00D39AAD /* NSString+Size.h */ = {isa = PBXFileReference; fileEncoding = 4; lastKnownFileType = sourcecode.c.h; path = "NSString+Size.h"; sourceTree = "<group>"; };
		EB15BAC720DE62200048F908 /* NewsOfChina.app */ = {isa = PBXFileReference; explicitFileType = wrapper.application; includeInIndex = 0; path = NewsOfChina.app; sourceTree = BUILT_PRODUCTS_DIR; };
		EB15BACA20DE62200048F908 /* AppDelegate.swift */ = {isa = PBXFileReference; lastKnownFileType = sourcecode.swift; path = AppDelegate.swift; sourceTree = "<group>"; };
		EB15BAD120DE62220048F908 /* Assets.xcassets */ = {isa = PBXFileReference; lastKnownFileType = folder.assetcatalog; path = Assets.xcassets; sourceTree = "<group>"; };
		EB15BAD420DE62220048F908 /* Base */ = {isa = PBXFileReference; lastKnownFileType = file.storyboard; name = Base; path = Base.lproj/LaunchScreen.storyboard; sourceTree = "<group>"; };
		EB15BAD620DE62220048F908 /* Info.plist */ = {isa = PBXFileReference; lastKnownFileType = text.plist.xml; path = Info.plist; sourceTree = "<group>"; };
		EB15BADB20DE62220048F908 /* NewsOfChinaTests.xctest */ = {isa = PBXFileReference; explicitFileType = wrapper.cfbundle; includeInIndex = 0; path = NewsOfChinaTests.xctest; sourceTree = BUILT_PRODUCTS_DIR; };
		EB15BADF20DE62220048F908 /* NewsOfChinaTests.swift */ = {isa = PBXFileReference; lastKnownFileType = sourcecode.swift; path = NewsOfChinaTests.swift; sourceTree = "<group>"; };
		EB15BAE120DE62220048F908 /* Info.plist */ = {isa = PBXFileReference; lastKnownFileType = text.plist.xml; path = Info.plist; sourceTree = "<group>"; };
		EB15BAE620DE62220048F908 /* NewsOfChinaUITests.xctest */ = {isa = PBXFileReference; explicitFileType = wrapper.cfbundle; includeInIndex = 0; path = NewsOfChinaUITests.xctest; sourceTree = BUILT_PRODUCTS_DIR; };
		EB15BAEA20DE62220048F908 /* NewsOfChinaUITests.swift */ = {isa = PBXFileReference; lastKnownFileType = sourcecode.swift; path = NewsOfChinaUITests.swift; sourceTree = "<group>"; };
		EB15BAEC20DE62220048F908 /* Info.plist */ = {isa = PBXFileReference; lastKnownFileType = text.plist.xml; path = Info.plist; sourceTree = "<group>"; };
		EB15BB0A20DE8C220048F908 /* PTLRootViewController.swift */ = {isa = PBXFileReference; lastKnownFileType = sourcecode.swift; path = PTLRootViewController.swift; sourceTree = "<group>"; };
		EB15BB0C20DE8D050048F908 /* PTLHomePageController.swift */ = {isa = PBXFileReference; lastKnownFileType = sourcecode.swift; path = PTLHomePageController.swift; sourceTree = "<group>"; };
		EB15BB0D20DE8D050048F908 /* PTLHomePageController.xib */ = {isa = PBXFileReference; lastKnownFileType = file.xib; path = PTLHomePageController.xib; sourceTree = "<group>"; };
		EB15BB1020DE8D2F0048F908 /* PTLMeViewController.swift */ = {isa = PBXFileReference; lastKnownFileType = sourcecode.swift; path = PTLMeViewController.swift; sourceTree = "<group>"; };
		EB15BB1120DE8D2F0048F908 /* PTLMeViewController.xib */ = {isa = PBXFileReference; lastKnownFileType = file.xib; path = PTLMeViewController.xib; sourceTree = "<group>"; };
		EB15BB1420DE8D6B0048F908 /* PTLNavigationController.swift */ = {isa = PBXFileReference; fileEncoding = 4; lastKnownFileType = sourcecode.swift; path = PTLNavigationController.swift; sourceTree = "<group>"; };
		EBC85A6220DF458B00834B29 /* PTLNetworkTools.swift */ = {isa = PBXFileReference; lastKnownFileType = sourcecode.swift; path = PTLNetworkTools.swift; sourceTree = "<group>"; };
		EBC85A6420DF45D400834B29 /* Tools.swift */ = {isa = PBXFileReference; fileEncoding = 4; lastKnownFileType = sourcecode.swift; path = Tools.swift; sourceTree = "<group>"; };
		EBC85A6620DF587C00834B29 /* PTLHomePageModel.swift */ = {isa = PBXFileReference; lastKnownFileType = sourcecode.swift; path = PTLHomePageModel.swift; sourceTree = "<group>"; };
		EBC85A6D20DF9A4F00834B29 /* PTLHomePageCell.swift */ = {isa = PBXFileReference; lastKnownFileType = sourcecode.swift; path = PTLHomePageCell.swift; sourceTree = "<group>"; };
		FCE418DD49D13D29E6A4DBFB /* Pods-NewsOfChina.debug.xcconfig */ = {isa = PBXFileReference; includeInIndex = 1; lastKnownFileType = text.xcconfig; name = "Pods-NewsOfChina.debug.xcconfig"; path = "Pods/Target Support Files/Pods-NewsOfChina/Pods-NewsOfChina.debug.xcconfig"; sourceTree = "<group>"; };
/* End PBXFileReference section */

/* Begin PBXFrameworksBuildPhase section */
		EB15BAC420DE62200048F908 /* Frameworks */ = {
			isa = PBXFrameworksBuildPhase;
			buildActionMask = 2147483647;
			files = (
				A40CE0D95E9116D290505DBC /* Pods_NewsOfChina.framework in Frameworks */,
			);
			runOnlyForDeploymentPostprocessing = 0;
		};
		EB15BAD820DE62220048F908 /* Frameworks */ = {
			isa = PBXFrameworksBuildPhase;
			buildActionMask = 2147483647;
			files = (
			);
			runOnlyForDeploymentPostprocessing = 0;
		};
		EB15BAE320DE62220048F908 /* Frameworks */ = {
			isa = PBXFrameworksBuildPhase;
			buildActionMask = 2147483647;
			files = (
			);
			runOnlyForDeploymentPostprocessing = 0;
		};
/* End PBXFrameworksBuildPhase section */

/* Begin PBXGroup section */
		319F22E1F5EC1122E51F22BA /* Frameworks */ = {
			isa = PBXGroup;
			children = (
				B784FC240334687517C3383B /* Pods_NewsOfChina.framework */,
			);
			name = Frameworks;
			sourceTree = "<group>";
		};
		57943319A3C4482A2BAE73BF /* Pods */ = {
			isa = PBXGroup;
			children = (
				FCE418DD49D13D29E6A4DBFB /* Pods-NewsOfChina.debug.xcconfig */,
				1220A1ADED3B786F42BCEB78 /* Pods-NewsOfChina.release.xcconfig */,
			);
			name = Pods;
			sourceTree = "<group>";
		};
		D896682F20E36B8400D39AAD /* Layout */ = {
			isa = PBXGroup;
			children = (
				D896683020E36E2900D39AAD /* PTLHomePageCellLayout.swift */,
			);
			path = Layout;
			sourceTree = "<group>";
		};
		EB15BABE20DE62200048F908 = {
			isa = PBXGroup;
			children = (
				EB15BAC920DE62200048F908 /* NewsOfChina */,
				EB15BADE20DE62220048F908 /* NewsOfChinaTests */,
				EB15BAE920DE62220048F908 /* NewsOfChinaUITests */,
				EB15BAC820DE62200048F908 /* Products */,
				57943319A3C4482A2BAE73BF /* Pods */,
				319F22E1F5EC1122E51F22BA /* Frameworks */,
			);
			sourceTree = "<group>";
		};
		EB15BAC820DE62200048F908 /* Products */ = {
			isa = PBXGroup;
			children = (
				EB15BAC720DE62200048F908 /* NewsOfChina.app */,
				EB15BADB20DE62220048F908 /* NewsOfChinaTests.xctest */,
				EB15BAE620DE62220048F908 /* NewsOfChinaUITests.xctest */,
			);
			name = Products;
			sourceTree = "<group>";
		};
		EB15BAC920DE62200048F908 /* NewsOfChina */ = {
			isa = PBXGroup;
			children = (
				D896683420E37D7F00D39AAD /* NSString+Size.h */,
				D896683320E37D7F00D39AAD /* NSString+Size.m */,
				EB15BACA20DE62200048F908 /* AppDelegate.swift */,
				EB15BB0920DE6E970048F908 /* Main */,
				EB15BAF820DE6D650048F908 /* HomePage */,
				EB15BAFD20DE6DC60048F908 /* Me */,
				EB15BB1620DE902E0048F908 /* Other */,
				EB15BB1720DE904F0048F908 /* Tools */,
				D896683220E37D7E00D39AAD /* NewsOfChina-Bridging-Header.h */,
			);
			path = NewsOfChina;
			sourceTree = "<group>";
		};
		EB15BADE20DE62220048F908 /* NewsOfChinaTests */ = {
			isa = PBXGroup;
			children = (
				EB15BADF20DE62220048F908 /* NewsOfChinaTests.swift */,
				EB15BAE120DE62220048F908 /* Info.plist */,
			);
			path = NewsOfChinaTests;
			sourceTree = "<group>";
		};
		EB15BAE920DE62220048F908 /* NewsOfChinaUITests */ = {
			isa = PBXGroup;
			children = (
				EB15BAEA20DE62220048F908 /* NewsOfChinaUITests.swift */,
				EB15BAEC20DE62220048F908 /* Info.plist */,
			);
			path = NewsOfChinaUITests;
			sourceTree = "<group>";
		};
		EB15BAF820DE6D650048F908 /* HomePage */ = {
			isa = PBXGroup;
			children = (
				D896682F20E36B8400D39AAD /* Layout */,
				EBC85A6B20DF9A1B00834B29 /* Model */,
				EBC85A6C20DF9A2300834B29 /* Views */,
				EBC85A6A20DF9A0E00834B29 /* Controller */,
			);
			path = HomePage;
			sourceTree = "<group>";
		};
		EB15BAFD20DE6DC60048F908 /* Me */ = {
			isa = PBXGroup;
			children = (
				EB15BB1020DE8D2F0048F908 /* PTLMeViewController.swift */,
				EB15BB1120DE8D2F0048F908 /* PTLMeViewController.xib */,
			);
			path = Me;
			sourceTree = "<group>";
		};
		EB15BB0920DE6E970048F908 /* Main */ = {
			isa = PBXGroup;
			children = (
				EB15BB1420DE8D6B0048F908 /* PTLNavigationController.swift */,
				EB15BB0A20DE8C220048F908 /* PTLRootViewController.swift */,
			);
			path = Main;
			sourceTree = "<group>";
		};
		EB15BB1620DE902E0048F908 /* Other */ = {
			isa = PBXGroup;
			children = (
				EB15BAD120DE62220048F908 /* Assets.xcassets */,
				EB15BAD320DE62220048F908 /* LaunchScreen.storyboard */,
				EB15BAD620DE62220048F908 /* Info.plist */,
			);
			path = Other;
			sourceTree = "<group>";
		};
		EB15BB1720DE904F0048F908 /* Tools */ = {
			isa = PBXGroup;
			children = (
				EBC85A6220DF458B00834B29 /* PTLNetworkTools.swift */,
				EBC85A6420DF45D400834B29 /* Tools.swift */,
			);
			path = Tools;
			sourceTree = "<group>";
		};
		EBC85A6A20DF9A0E00834B29 /* Controller */ = {
			isa = PBXGroup;
			children = (
				EB15BB0C20DE8D050048F908 /* PTLHomePageController.swift */,
				EB15BB0D20DE8D050048F908 /* PTLHomePageController.xib */,
			);
			path = Controller;
			sourceTree = "<group>";
		};
		EBC85A6B20DF9A1B00834B29 /* Model */ = {
			isa = PBXGroup;
			children = (
				EBC85A6620DF587C00834B29 /* PTLHomePageModel.swift */,
			);
			path = Model;
			sourceTree = "<group>";
		};
		EBC85A6C20DF9A2300834B29 /* Views */ = {
			isa = PBXGroup;
			children = (
				EBC85A6D20DF9A4F00834B29 /* PTLHomePageCell.swift */,
			);
			path = Views;
			sourceTree = "<group>";
		};
/* End PBXGroup section */

/* Begin PBXNativeTarget section */
		EB15BAC620DE62200048F908 /* NewsOfChina */ = {
			isa = PBXNativeTarget;
			buildConfigurationList = EB15BAEF20DE62220048F908 /* Build configuration list for PBXNativeTarget "NewsOfChina" */;
			buildPhases = (
				9B60512AF6B5F923916235AE /* [CP] Check Pods Manifest.lock */,
				EB15BAC320DE62200048F908 /* Sources */,
				EB15BAC420DE62200048F908 /* Frameworks */,
				EB15BAC520DE62200048F908 /* Resources */,
				884BC446E5052FCCBF96CF30 /* [CP] Embed Pods Frameworks */,
			);
			buildRules = (
			);
			dependencies = (
			);
			name = NewsOfChina;
			productName = NewsOfChina;
			productReference = EB15BAC720DE62200048F908 /* NewsOfChina.app */;
			productType = "com.apple.product-type.application";
		};
		EB15BADA20DE62220048F908 /* NewsOfChinaTests */ = {
			isa = PBXNativeTarget;
			buildConfigurationList = EB15BAF220DE62220048F908 /* Build configuration list for PBXNativeTarget "NewsOfChinaTests" */;
			buildPhases = (
				EB15BAD720DE62220048F908 /* Sources */,
				EB15BAD820DE62220048F908 /* Frameworks */,
				EB15BAD920DE62220048F908 /* Resources */,
			);
			buildRules = (
			);
			dependencies = (
				EB15BADD20DE62220048F908 /* PBXTargetDependency */,
			);
			name = NewsOfChinaTests;
			productName = NewsOfChinaTests;
			productReference = EB15BADB20DE62220048F908 /* NewsOfChinaTests.xctest */;
			productType = "com.apple.product-type.bundle.unit-test";
		};
		EB15BAE520DE62220048F908 /* NewsOfChinaUITests */ = {
			isa = PBXNativeTarget;
			buildConfigurationList = EB15BAF520DE62220048F908 /* Build configuration list for PBXNativeTarget "NewsOfChinaUITests" */;
			buildPhases = (
				EB15BAE220DE62220048F908 /* Sources */,
				EB15BAE320DE62220048F908 /* Frameworks */,
				EB15BAE420DE62220048F908 /* Resources */,
			);
			buildRules = (
			);
			dependencies = (
				EB15BAE820DE62220048F908 /* PBXTargetDependency */,
			);
			name = NewsOfChinaUITests;
			productName = NewsOfChinaUITests;
			productReference = EB15BAE620DE62220048F908 /* NewsOfChinaUITests.xctest */;
			productType = "com.apple.product-type.bundle.ui-testing";
		};
/* End PBXNativeTarget section */

/* Begin PBXProject section */
		EB15BABF20DE62200048F908 /* Project object */ = {
			isa = PBXProject;
			attributes = {
				CLASSPREFIX = PTL;
				LastSwiftUpdateCheck = 0940;
				LastUpgradeCheck = 0940;
				ORGANIZATIONNAME = ptlCoder;
				TargetAttributes = {
					EB15BAC620DE62200048F908 = {
						CreatedOnToolsVersion = 9.4;
						LastSwiftMigration = 0940;
					};
					EB15BADA20DE62220048F908 = {
						CreatedOnToolsVersion = 9.4;
						TestTargetID = EB15BAC620DE62200048F908;
					};
					EB15BAE520DE62220048F908 = {
						CreatedOnToolsVersion = 9.4;
						TestTargetID = EB15BAC620DE62200048F908;
					};
				};
			};
			buildConfigurationList = EB15BAC220DE62200048F908 /* Build configuration list for PBXProject "NewsOfChina" */;
			compatibilityVersion = "Xcode 9.3";
			developmentRegion = en;
			hasScannedForEncodings = 0;
			knownRegions = (
				en,
				Base,
			);
			mainGroup = EB15BABE20DE62200048F908;
			productRefGroup = EB15BAC820DE62200048F908 /* Products */;
			projectDirPath = "";
			projectRoot = "";
			targets = (
				EB15BAC620DE62200048F908 /* NewsOfChina */,
				EB15BADA20DE62220048F908 /* NewsOfChinaTests */,
				EB15BAE520DE62220048F908 /* NewsOfChinaUITests */,
			);
		};
/* End PBXProject section */

/* Begin PBXResourcesBuildPhase section */
		EB15BAC520DE62200048F908 /* Resources */ = {
			isa = PBXResourcesBuildPhase;
			buildActionMask = 2147483647;
			files = (
				EB15BAD520DE62220048F908 /* LaunchScreen.storyboard in Resources */,
				EB15BB1320DE8D2F0048F908 /* PTLMeViewController.xib in Resources */,
				EB15BB0F20DE8D050048F908 /* PTLHomePageController.xib in Resources */,
				EB15BAD220DE62220048F908 /* Assets.xcassets in Resources */,
			);
			runOnlyForDeploymentPostprocessing = 0;
		};
		EB15BAD920DE62220048F908 /* Resources */ = {
			isa = PBXResourcesBuildPhase;
			buildActionMask = 2147483647;
			files = (
			);
			runOnlyForDeploymentPostprocessing = 0;
		};
		EB15BAE420DE62220048F908 /* Resources */ = {
			isa = PBXResourcesBuildPhase;
			buildActionMask = 2147483647;
			files = (
			);
			runOnlyForDeploymentPostprocessing = 0;
		};
/* End PBXResourcesBuildPhase section */

/* Begin PBXShellScriptBuildPhase section */
		884BC446E5052FCCBF96CF30 /* [CP] Embed Pods Frameworks */ = {
			isa = PBXShellScriptBuildPhase;
			buildActionMask = 2147483647;
			files = (
			);
			inputPaths = (
				"${SRCROOT}/Pods/Target Support Files/Pods-NewsOfChina/Pods-NewsOfChina-frameworks.sh",
				"${BUILT_PRODUCTS_DIR}/Alamofire/Alamofire.framework",
				"${BUILT_PRODUCTS_DIR}/Kingfisher/Kingfisher.framework",
				"${BUILT_PRODUCTS_DIR}/MBProgressHUD/MBProgressHUD.framework",
				"${BUILT_PRODUCTS_DIR}/MJRefresh/MJRefresh.framework",
				"${BUILT_PRODUCTS_DIR}/RxSwift/RxSwift.framework",
				"${BUILT_PRODUCTS_DIR}/YYModel/YYModel.framework",
			);
			name = "[CP] Embed Pods Frameworks";
			outputPaths = (
				"${TARGET_BUILD_DIR}/${FRAMEWORKS_FOLDER_PATH}/Alamofire.framework",
				"${TARGET_BUILD_DIR}/${FRAMEWORKS_FOLDER_PATH}/Kingfisher.framework",
				"${TARGET_BUILD_DIR}/${FRAMEWORKS_FOLDER_PATH}/MBProgressHUD.framework",
				"${TARGET_BUILD_DIR}/${FRAMEWORKS_FOLDER_PATH}/MJRefresh.framework",
				"${TARGET_BUILD_DIR}/${FRAMEWORKS_FOLDER_PATH}/RxSwift.framework",
				"${TARGET_BUILD_DIR}/${FRAMEWORKS_FOLDER_PATH}/YYModel.framework",
			);
			runOnlyForDeploymentPostprocessing = 0;
			shellPath = /bin/sh;
			shellScript = "\"${SRCROOT}/Pods/Target Support Files/Pods-NewsOfChina/Pods-NewsOfChina-frameworks.sh\"\n";
			showEnvVarsInLog = 0;
		};
		9B60512AF6B5F923916235AE /* [CP] Check Pods Manifest.lock */ = {
			isa = PBXShellScriptBuildPhase;
			buildActionMask = 2147483647;
			files = (
			);
			inputPaths = (
				"${PODS_PODFILE_DIR_PATH}/Podfile.lock",
				"${PODS_ROOT}/Manifest.lock",
			);
			name = "[CP] Check Pods Manifest.lock";
			outputPaths = (
				"$(DERIVED_FILE_DIR)/Pods-NewsOfChina-checkManifestLockResult.txt",
			);
			runOnlyForDeploymentPostprocessing = 0;
			shellPath = /bin/sh;
			shellScript = "diff \"${PODS_PODFILE_DIR_PATH}/Podfile.lock\" \"${PODS_ROOT}/Manifest.lock\" > /dev/null\nif [ $? != 0 ] ; then\n    # print error to STDERR\n    echo \"error: The sandbox is not in sync with the Podfile.lock. Run 'pod install' or update your CocoaPods installation.\" >&2\n    exit 1\nfi\n# This output is used by Xcode 'outputs' to avoid re-running this script phase.\necho \"SUCCESS\" > \"${SCRIPT_OUTPUT_FILE_0}\"\n";
			showEnvVarsInLog = 0;
		};
/* End PBXShellScriptBuildPhase section */

/* Begin PBXSourcesBuildPhase section */
		EB15BAC320DE62200048F908 /* Sources */ = {
			isa = PBXSourcesBuildPhase;
			buildActionMask = 2147483647;
			files = (
				EBC85A6720DF587C00834B29 /* PTLHomePageModel.swift in Sources */,
				EB15BB1520DE8D6B0048F908 /* PTLNavigationController.swift in Sources */,
				EB15BB0E20DE8D050048F908 /* PTLHomePageController.swift in Sources */,
				D896683520E37D8000D39AAD /* NSString+Size.m in Sources */,
				EBC85A6320DF458B00834B29 /* PTLNetworkTools.swift in Sources */,
				EB15BB0B20DE8C220048F908 /* PTLRootViewController.swift in Sources */,
				EBC85A6F20DF9A4F00834B29 /* PTLHomePageCell.swift in Sources */,
				EBC85A6520DF45D400834B29 /* Tools.swift in Sources */,
				EB15BB1220DE8D2F0048F908 /* PTLMeViewController.swift in Sources */,
				D896683120E36E2900D39AAD /* PTLHomePageCellLayout.swift in Sources */,
				EB15BACB20DE62200048F908 /* AppDelegate.swift in Sources */,
			);
			runOnlyForDeploymentPostprocessing = 0;
		};
		EB15BAD720DE62220048F908 /* Sources */ = {
			isa = PBXSourcesBuildPhase;
			buildActionMask = 2147483647;
			files = (
				EB15BAE020DE62220048F908 /* NewsOfChinaTests.swift in Sources */,
			);
			runOnlyForDeploymentPostprocessing = 0;
		};
		EB15BAE220DE62220048F908 /* Sources */ = {
			isa = PBXSourcesBuildPhase;
			buildActionMask = 2147483647;
			files = (
				EB15BAEB20DE62220048F908 /* NewsOfChinaUITests.swift in Sources */,
			);
			runOnlyForDeploymentPostprocessing = 0;
		};
/* End PBXSourcesBuildPhase section */

/* Begin PBXTargetDependency section */
		EB15BADD20DE62220048F908 /* PBXTargetDependency */ = {
			isa = PBXTargetDependency;
			target = EB15BAC620DE62200048F908 /* NewsOfChina */;
			targetProxy = EB15BADC20DE62220048F908 /* PBXContainerItemProxy */;
		};
		EB15BAE820DE62220048F908 /* PBXTargetDependency */ = {
			isa = PBXTargetDependency;
			target = EB15BAC620DE62200048F908 /* NewsOfChina */;
			targetProxy = EB15BAE720DE62220048F908 /* PBXContainerItemProxy */;
		};
/* End PBXTargetDependency section */

/* Begin PBXVariantGroup section */
		EB15BAD320DE62220048F908 /* LaunchScreen.storyboard */ = {
			isa = PBXVariantGroup;
			children = (
				EB15BAD420DE62220048F908 /* Base */,
			);
			name = LaunchScreen.storyboard;
			sourceTree = "<group>";
		};
/* End PBXVariantGroup section */

/* Begin XCBuildConfiguration section */
		EB15BAED20DE62220048F908 /* Debug */ = {
			isa = XCBuildConfiguration;
			buildSettings = {
				ALWAYS_SEARCH_USER_PATHS = NO;
				CLANG_ANALYZER_NONNULL = YES;
				CLANG_ANALYZER_NUMBER_OBJECT_CONVERSION = YES_AGGRESSIVE;
				CLANG_CXX_LANGUAGE_STANDARD = "gnu++14";
				CLANG_CXX_LIBRARY = "libc++";
				CLANG_ENABLE_MODULES = YES;
				CLANG_ENABLE_OBJC_ARC = YES;
				CLANG_ENABLE_OBJC_WEAK = YES;
				CLANG_WARN_BLOCK_CAPTURE_AUTORELEASING = YES;
				CLANG_WARN_BOOL_CONVERSION = YES;
				CLANG_WARN_COMMA = YES;
				CLANG_WARN_CONSTANT_CONVERSION = YES;
				CLANG_WARN_DEPRECATED_OBJC_IMPLEMENTATIONS = YES;
				CLANG_WARN_DIRECT_OBJC_ISA_USAGE = YES_ERROR;
				CLANG_WARN_DOCUMENTATION_COMMENTS = YES;
				CLANG_WARN_EMPTY_BODY = YES;
				CLANG_WARN_ENUM_CONVERSION = YES;
				CLANG_WARN_INFINITE_RECURSION = YES;
				CLANG_WARN_INT_CONVERSION = YES;
				CLANG_WARN_NON_LITERAL_NULL_CONVERSION = YES;
				CLANG_WARN_OBJC_IMPLICIT_RETAIN_SELF = YES;
				CLANG_WARN_OBJC_LITERAL_CONVERSION = YES;
				CLANG_WARN_OBJC_ROOT_CLASS = YES_ERROR;
				CLANG_WARN_RANGE_LOOP_ANALYSIS = YES;
				CLANG_WARN_STRICT_PROTOTYPES = YES;
				CLANG_WARN_SUSPICIOUS_MOVE = YES;
				CLANG_WARN_UNGUARDED_AVAILABILITY = YES_AGGRESSIVE;
				CLANG_WARN_UNREACHABLE_CODE = YES;
				CLANG_WARN__DUPLICATE_METHOD_MATCH = YES;
				CODE_SIGN_IDENTITY = "iPhone Developer";
				COPY_PHASE_STRIP = NO;
				DEBUG_INFORMATION_FORMAT = dwarf;
				ENABLE_STRICT_OBJC_MSGSEND = YES;
				ENABLE_TESTABILITY = YES;
				GCC_C_LANGUAGE_STANDARD = gnu11;
				GCC_DYNAMIC_NO_PIC = NO;
				GCC_NO_COMMON_BLOCKS = YES;
				GCC_OPTIMIZATION_LEVEL = 0;
				GCC_PREPROCESSOR_DEFINITIONS = (
					"DEBUG=1",
					"$(inherited)",
				);
				GCC_WARN_64_TO_32_BIT_CONVERSION = YES;
				GCC_WARN_ABOUT_RETURN_TYPE = YES_ERROR;
				GCC_WARN_UNDECLARED_SELECTOR = YES;
				GCC_WARN_UNINITIALIZED_AUTOS = YES_AGGRESSIVE;
				GCC_WARN_UNUSED_FUNCTION = YES;
				GCC_WARN_UNUSED_VARIABLE = YES;
				IPHONEOS_DEPLOYMENT_TARGET = 11.4;
				MTL_ENABLE_DEBUG_INFO = YES;
				ONLY_ACTIVE_ARCH = YES;
				SDKROOT = iphoneos;
				SWIFT_ACTIVE_COMPILATION_CONDITIONS = DEBUG;
				SWIFT_OPTIMIZATION_LEVEL = "-Onone";
			};
			name = Debug;
		};
		EB15BAEE20DE62220048F908 /* Release */ = {
			isa = XCBuildConfiguration;
			buildSettings = {
				ALWAYS_SEARCH_USER_PATHS = NO;
				CLANG_ANALYZER_NONNULL = YES;
				CLANG_ANALYZER_NUMBER_OBJECT_CONVERSION = YES_AGGRESSIVE;
				CLANG_CXX_LANGUAGE_STANDARD = "gnu++14";
				CLANG_CXX_LIBRARY = "libc++";
				CLANG_ENABLE_MODULES = YES;
				CLANG_ENABLE_OBJC_ARC = YES;
				CLANG_ENABLE_OBJC_WEAK = YES;
				CLANG_WARN_BLOCK_CAPTURE_AUTORELEASING = YES;
				CLANG_WARN_BOOL_CONVERSION = YES;
				CLANG_WARN_COMMA = YES;
				CLANG_WARN_CONSTANT_CONVERSION = YES;
				CLANG_WARN_DEPRECATED_OBJC_IMPLEMENTATIONS = YES;
				CLANG_WARN_DIRECT_OBJC_ISA_USAGE = YES_ERROR;
				CLANG_WARN_DOCUMENTATION_COMMENTS = YES;
				CLANG_WARN_EMPTY_BODY = YES;
				CLANG_WARN_ENUM_CONVERSION = YES;
				CLANG_WARN_INFINITE_RECURSION = YES;
				CLANG_WARN_INT_CONVERSION = YES;
				CLANG_WARN_NON_LITERAL_NULL_CONVERSION = YES;
				CLANG_WARN_OBJC_IMPLICIT_RETAIN_SELF = YES;
				CLANG_WARN_OBJC_LITERAL_CONVERSION = YES;
				CLANG_WARN_OBJC_ROOT_CLASS = YES_ERROR;
				CLANG_WARN_RANGE_LOOP_ANALYSIS = YES;
				CLANG_WARN_STRICT_PROTOTYPES = YES;
				CLANG_WARN_SUSPICIOUS_MOVE = YES;
				CLANG_WARN_UNGUARDED_AVAILABILITY = YES_AGGRESSIVE;
				CLANG_WARN_UNREACHABLE_CODE = YES;
				CLANG_WARN__DUPLICATE_METHOD_MATCH = YES;
				CODE_SIGN_IDENTITY = "iPhone Developer";
				COPY_PHASE_STRIP = NO;
				DEBUG_INFORMATION_FORMAT = "dwarf-with-dsym";
				ENABLE_NS_ASSERTIONS = NO;
				ENABLE_STRICT_OBJC_MSGSEND = YES;
				GCC_C_LANGUAGE_STANDARD = gnu11;
				GCC_NO_COMMON_BLOCKS = YES;
				GCC_WARN_64_TO_32_BIT_CONVERSION = YES;
				GCC_WARN_ABOUT_RETURN_TYPE = YES_ERROR;
				GCC_WARN_UNDECLARED_SELECTOR = YES;
				GCC_WARN_UNINITIALIZED_AUTOS = YES_AGGRESSIVE;
				GCC_WARN_UNUSED_FUNCTION = YES;
				GCC_WARN_UNUSED_VARIABLE = YES;
				IPHONEOS_DEPLOYMENT_TARGET = 11.4;
				MTL_ENABLE_DEBUG_INFO = NO;
				SDKROOT = iphoneos;
				SWIFT_COMPILATION_MODE = wholemodule;
				SWIFT_OPTIMIZATION_LEVEL = "-O";
				VALIDATE_PRODUCT = YES;
			};
			name = Release;
		};
		EB15BAF020DE62220048F908 /* Debug */ = {
			isa = XCBuildConfiguration;
			baseConfigurationReference = FCE418DD49D13D29E6A4DBFB /* Pods-NewsOfChina.debug.xcconfig */;
			buildSettings = {
				ASSETCATALOG_COMPILER_APPICON_NAME = AppIcon;
				CLANG_ENABLE_MODULES = YES;
				CODE_SIGN_STYLE = Automatic;
				DEFINES_MODULE = YES;
				DEVELOPMENT_TEAM = XYBK7B7U6R;
				INFOPLIST_FILE = "$(SRCROOT)/NewsOfChina/Other/Info.plist";
				IPHONEOS_DEPLOYMENT_TARGET = 9.0;
				LD_RUNPATH_SEARCH_PATHS = (
					"$(inherited)",
					"@executable_path/Frameworks",
				);
				PRODUCT_BUNDLE_IDENTIFIER = com.ptl.www.NewsOfChina;
				PRODUCT_NAME = "$(TARGET_NAME)";
				SWIFT_OBJC_BRIDGING_HEADER = "NewsOfChina/NewsOfChina-Bridging-Header.h";
				SWIFT_OPTIMIZATION_LEVEL = "-Onone";
				SWIFT_SWIFT3_OBJC_INFERENCE = Default;
				SWIFT_VERSION = 4.0;
				TARGETED_DEVICE_FAMILY = "1,2";
			};
			name = Debug;
		};
		EB15BAF120DE62220048F908 /* Release */ = {
			isa = XCBuildConfiguration;
			baseConfigurationReference = 1220A1ADED3B786F42BCEB78 /* Pods-NewsOfChina.release.xcconfig */;
			buildSettings = {
				ASSETCATALOG_COMPILER_APPICON_NAME = AppIcon;
				CLANG_ENABLE_MODULES = YES;
				CODE_SIGN_STYLE = Automatic;
				DEFINES_MODULE = YES;
				DEVELOPMENT_TEAM = XYBK7B7U6R;
				INFOPLIST_FILE = "$(SRCROOT)/NewsOfChina/Other/Info.plist";
				IPHONEOS_DEPLOYMENT_TARGET = 9.0;
				LD_RUNPATH_SEARCH_PATHS = (
					"$(inherited)",
					"@executable_path/Frameworks",
				);
				PRODUCT_BUNDLE_IDENTIFIER = com.ptl.www.NewsOfChina;
				PRODUCT_NAME = "$(TARGET_NAME)";
				SWIFT_OBJC_BRIDGING_HEADER = "NewsOfChina/NewsOfChina-Bridging-Header.h";
				SWIFT_SWIFT3_OBJC_INFERENCE = Default;
				SWIFT_VERSION = 4.0;
				TARGETED_DEVICE_FAMILY = "1,2";
			};
			name = Release;
		};
		EB15BAF320DE62220048F908 /* Debug */ = {
			isa = XCBuildConfiguration;
			buildSettings = {
				ALWAYS_EMBED_SWIFT_STANDARD_LIBRARIES = YES;
				BUNDLE_LOADER = "$(TEST_HOST)";
				CODE_SIGN_STYLE = Automatic;
				DEVELOPMENT_TEAM = XYBK7B7U6R;
				INFOPLIST_FILE = NewsOfChinaTests/Info.plist;
				LD_RUNPATH_SEARCH_PATHS = (
					"$(inherited)",
					"@executable_path/Frameworks",
					"@loader_path/Frameworks",
				);
				PRODUCT_BUNDLE_IDENTIFIER = com.ptl.www.NewsOfChinaTests;
				PRODUCT_NAME = "$(TARGET_NAME)";
				SWIFT_VERSION = 4.0;
				TARGETED_DEVICE_FAMILY = "1,2";
				TEST_HOST = "$(BUILT_PRODUCTS_DIR)/NewsOfChina.app/NewsOfChina";
			};
			name = Debug;
		};
		EB15BAF420DE62220048F908 /* Release */ = {
			isa = XCBuildConfiguration;
			buildSettings = {
				ALWAYS_EMBED_SWIFT_STANDARD_LIBRARIES = YES;
				BUNDLE_LOADER = "$(TEST_HOST)";
				CODE_SIGN_STYLE = Automatic;
				DEVELOPMENT_TEAM = XYBK7B7U6R;
				INFOPLIST_FILE = NewsOfChinaTests/Info.plist;
				LD_RUNPATH_SEARCH_PATHS = (
					"$(inherited)",
					"@executable_path/Frameworks",
					"@loader_path/Frameworks",
				);
				PRODUCT_BUNDLE_IDENTIFIER = com.ptl.www.NewsOfChinaTests;
				PRODUCT_NAME = "$(TARGET_NAME)";
				SWIFT_VERSION = 4.0;
				TARGETED_DEVICE_FAMILY = "1,2";
				TEST_HOST = "$(BUILT_PRODUCTS_DIR)/NewsOfChina.app/NewsOfChina";
			};
			name = Release;
		};
		EB15BAF620DE62220048F908 /* Debug */ = {
			isa = XCBuildConfiguration;
			buildSettings = {
				ALWAYS_EMBED_SWIFT_STANDARD_LIBRARIES = YES;
				CODE_SIGN_STYLE = Automatic;
				DEVELOPMENT_TEAM = XYBK7B7U6R;
				INFOPLIST_FILE = NewsOfChinaUITests/Info.plist;
				LD_RUNPATH_SEARCH_PATHS = (
					"$(inherited)",
					"@executable_path/Frameworks",
					"@loader_path/Frameworks",
				);
				PRODUCT_BUNDLE_IDENTIFIER = com.ptl.www.NewsOfChinaUITests;
				PRODUCT_NAME = "$(TARGET_NAME)";
				SWIFT_VERSION = 4.0;
				TARGETED_DEVICE_FAMILY = "1,2";
				TEST_TARGET_NAME = NewsOfChina;
			};
			name = Debug;
		};
		EB15BAF720DE62220048F908 /* Release */ = {
			isa = XCBuildConfiguration;
			buildSettings = {
				ALWAYS_EMBED_SWIFT_STANDARD_LIBRARIES = YES;
				CODE_SIGN_STYLE = Automatic;
				DEVELOPMENT_TEAM = XYBK7B7U6R;
				INFOPLIST_FILE = NewsOfChinaUITests/Info.plist;
				LD_RUNPATH_SEARCH_PATHS = (
					"$(inherited)",
					"@executable_path/Frameworks",
					"@loader_path/Frameworks",
				);
				PRODUCT_BUNDLE_IDENTIFIER = com.ptl.www.NewsOfChinaUITests;
				PRODUCT_NAME = "$(TARGET_NAME)";
				SWIFT_VERSION = 4.0;
				TARGETED_DEVICE_FAMILY = "1,2";
				TEST_TARGET_NAME = NewsOfChina;
			};
			name = Release;
		};
/* End XCBuildConfiguration section */

/* Begin XCConfigurationList section */
		EB15BAC220DE62200048F908 /* Build configuration list for PBXProject "NewsOfChina" */ = {
			isa = XCConfigurationList;
			buildConfigurations = (
				EB15BAED20DE62220048F908 /* Debug */,
				EB15BAEE20DE62220048F908 /* Release */,
			);
			defaultConfigurationIsVisible = 0;
			defaultConfigurationName = Release;
		};
		EB15BAEF20DE62220048F908 /* Build configuration list for PBXNativeTarget "NewsOfChina" */ = {
			isa = XCConfigurationList;
			buildConfigurations = (
				EB15BAF020DE62220048F908 /* Debug */,
				EB15BAF120DE62220048F908 /* Release */,
			);
			defaultConfigurationIsVisible = 0;
			defaultConfigurationName = Release;
		};
		EB15BAF220DE62220048F908 /* Build configuration list for PBXNativeTarget "NewsOfChinaTests" */ = {
			isa = XCConfigurationList;
			buildConfigurations = (
				EB15BAF320DE62220048F908 /* Debug */,
				EB15BAF420DE62220048F908 /* Release */,
			);
			defaultConfigurationIsVisible = 0;
			defaultConfigurationName = Release;
		};
		EB15BAF520DE62220048F908 /* Build configuration list for PBXNativeTarget "NewsOfChinaUITests" */ = {
			isa = XCConfigurationList;
			buildConfigurations = (
				EB15BAF620DE62220048F908 /* Debug */,
				EB15BAF720DE62220048F908 /* Release */,
			);
			defaultConfigurationIsVisible = 0;
			defaultConfigurationName = Release;
		};
/* End XCConfigurationList section */
	};
	rootObject = EB15BABF20DE62200048F908 /* Project object */;
}
